
Microsoft Visual Studio Solution File, Format Version 12.00
# Visual Studio Version 16
VisualStudioVersion = 25.0.1706.14
MinimumVisualStudioVersion = 10.0.40219.1
Project("{FAE04EC0-301F-11D3-BF4B-00C04F79EFBC}") = "HospitalMS", "HospitalMS.csproj", "{543BD129-683B-4962-A063-5D1801A557D3}"
EndProject
Global
	GlobalSection(SolutionConfigurationPlatforms) = preSolution
		Debug|Any CPU = Debug|Any CPU
		Release|Any CPU = Release|Any CPU
	EndGlobalSection
	GlobalSection(ProjectConfigurationPlatforms) = postSolution
		{543BD129-683B-4962-A063-5D1801A557D3}.Debug|Any CPU.ActiveCfg = Debug|Any CPU
		{543BD129-683B-4962-A063-5D1801A557D3}.Debug|Any CPU.Build.0 = Debug|Any CPU
		{543BD129-683B-4962-A063-5D1801A557D3}.Release|Any CPU.ActiveCfg = Release|Any CPU
		{543BD129-683B-4962-A063-5D1801A557D3}.Release|Any CPU.Build.0 = Release|Any CPU
	EndGlobalSection
	GlobalSection(SolutionProperties) = preSolution
		HideSolutionNode = FALSE
	EndGlobalSection
	GlobalSection(ExtensibilityGlobals) = postSolution
		SolutionGuid = {6822AC28-6FFF-4D03-84BC-E32CC1B1E19A}
	EndGlobalSection
EndGlobal
